PODS:
  - Alamofire (5.4.1)
  - SAMKeychain (1.5.3)

DEPENDENCIES:
  - Alamofire (~> 5.2)
  - SAMKeychain

SPEC REPOS:
  trunk:
    - Alamofire
    - SAMKeychain

SPEC CHECKSUMS:
  Alamofire: 2291f7d21ca607c491dd17642e5d40fdcda0e65c
  SAMKeychain: 483e1c9f32984d50ca961e26818a534283b4cd5c

PODFILE CHECKSUM: 7453a75763008f183ffc226559cd54a43e9a81a7

COCOAPODS: 1.10.1
