// !$*UTF8*$!
{
	archiveVersion = 1;
	classes = {
	};
	objectVersion = 51;
	objects = {

/* Begin PBXBuildFile section */
		2E05BB51262F3045004180CC /* LoginViewController.swift in Sources */ = {isa = PBXBuildFile; fileRef = 2E05BB50262F3045004180CC /* LoginViewController.swift */; };
		2E05BB59262F3270004180CC /* BanksViewController.swift in Sources */ = {isa = PBXBuildFile; fileRef = 2E05BB58262F3270004180CC /* BanksViewController.swift */; };
		2E05BB6E262F4289004180CC /* ApiClient.swift in Sources */ = {isa = PBXBuildFile; fileRef = 2E05BB6D262F4289004180CC /* ApiClient.swift */; };
		2E05BB73262F42CB004180CC /* ApiRequest.swift in Sources */ = {isa = PBXBuildFile; fileRef = 2E05BB72262F42CB004180CC /* ApiRequest.swift */; };
		2E05BB78262F42FB004180CC /* ApiResponse.swift in Sources */ = {isa = PBXBuildFile; fileRef = 2E05BB77262F42FB004180CC /* ApiResponse.swift */; };
		2E05BB7E262F4471004180CC /* GetBankListRequest.swift in Sources */ = {isa = PBXBuildFile; fileRef = 2E05BB7D262F4471004180CC /* GetBankListRequest.swift */; };
		2E05BB86262F4615004180CC /* BankApiClient.swift in Sources */ = {isa = PBXBuildFile; fileRef = 2E05BB85262F4615004180CC /* BankApiClient.swift */; };
		2E05BB97262F4E52004180CC /* BankListModel.swift in Sources */ = {isa = PBXBuildFile; fileRef = 2E05BB96262F4E52004180CC /* BankListModel.swift */; };
		2E05BBA7262F5CC0004180CC /* BanksViewModel.swift in Sources */ = {isa = PBXBuildFile; fileRef = 2E05BBA6262F5CC0004180CC /* BanksViewModel.swift */; };
		2E05BBAD262F5D12004180CC /* BanksInfoService.swift in Sources */ = {isa = PBXBuildFile; fileRef = 2E05BBAC262F5D12004180CC /* BanksInfoService.swift */; };
		2E05BBB5262F62C6004180CC /* SubBankCellViewModel.swift in Sources */ = {isa = PBXBuildFile; fileRef = 2E05BBB4262F62C6004180CC /* SubBankCellViewModel.swift */; };
		2E05BBC5262F665F004180CC /* BankTableViewCell.swift in Sources */ = {isa = PBXBuildFile; fileRef = 2E05BBC4262F665F004180CC /* BankTableViewCell.swift */; };
		2E11B58526317793000D625E /* BanksViewModelTests.swift in Sources */ = {isa = PBXBuildFile; fileRef = 2E11B58426317793000D625E /* BanksViewModelTests.swift */; };
		2E2C02C12630724F00EDE547 /* ParentBankCollectionViewCell.swift in Sources */ = {isa = PBXBuildFile; fileRef = 2E2C02C02630724F00EDE547 /* ParentBankCollectionViewCell.swift */; };
		2E2C02C626307D7200EDE547 /* SubBanksViewController.swift in Sources */ = {isa = PBXBuildFile; fileRef = 2E2C02C526307D7200EDE547 /* SubBanksViewController.swift */; };
		2E2C02CB26307FBF00EDE547 /* SubBanksViewModel.swift in Sources */ = {isa = PBXBuildFile; fileRef = 2E2C02CA26307FBF00EDE547 /* SubBanksViewModel.swift */; };
		2E2C02F3263093F800EDE547 /* SwitchCountryButton.swift in Sources */ = {isa = PBXBuildFile; fileRef = 2E2C02F2263093F800EDE547 /* SwitchCountryButton.swift */; };
		2E2C03082630ACC800EDE547 /* CountrySelectionPopupViewController.swift in Sources */ = {isa = PBXBuildFile; fileRef = 2E2C03072630ACC800EDE547 /* CountrySelectionPopupViewController.swift */; };
		2E2C030E2630AF9600EDE547 /* CountryTableViewCell.swift in Sources */ = {isa = PBXBuildFile; fileRef = 2E2C030D2630AF9600EDE547 /* CountryTableViewCell.swift */; };
		2E2C03172630C21A00EDE547 /* Country.swift in Sources */ = {isa = PBXBuildFile; fileRef = 2E2C03162630C21A00EDE547 /* Country.swift */; };
		2E346B05263015B300EAA5A4 /* ParentBankCellViewModel.swift in Sources */ = {isa = PBXBuildFile; fileRef = 2E346B04263015B300EAA5A4 /* ParentBankCellViewModel.swift */; };
		2E3C467326302E9E00504C5E /* Images.swift in Sources */ = {isa = PBXBuildFile; fileRef = 2E3C467226302E9E00504C5E /* Images.swift */; };
		2E7DB8BD262F239000EE9054 /* AppDelegate.swift in Sources */ = {isa = PBXBuildFile; fileRef = 2E7DB8BC262F239000EE9054 /* AppDelegate.swift */; };
		2E7DB8BF262F239000EE9054 /* SceneDelegate.swift in Sources */ = {isa = PBXBuildFile; fileRef = 2E7DB8BE262F239000EE9054 /* SceneDelegate.swift */; };
		2E7DB8C6262F239200EE9054 /* Assets.xcassets in Resources */ = {isa = PBXBuildFile; fileRef = 2E7DB8C5262F239200EE9054 /* Assets.xcassets */; };
		2E7DB8C9262F239200EE9054 /* LaunchScreen.storyboard in Resources */ = {isa = PBXBuildFile; fileRef = 2E7DB8C7262F239200EE9054 /* LaunchScreen.storyboard */; };
		2E7DB8DF262F239200EE9054 /* bankin_challenge_iosUITests.swift in Sources */ = {isa = PBXBuildFile; fileRef = 2E7DB8DE262F239200EE9054 /* bankin_challenge_iosUITests.swift */; };
		2EDBF635262F29EF0045AD07 /* Coordinator.swift in Sources */ = {isa = PBXBuildFile; fileRef = 2EDBF634262F29EF0045AD07 /* Coordinator.swift */; };
		2EDBF63A262F2A4E0045AD07 /* MainCoordinator.swift in Sources */ = {isa = PBXBuildFile; fileRef = 2EDBF639262F2A4E0045AD07 /* MainCoordinator.swift */; };
		51D585F32E164A6419E9BF63 /* Pods_bankin_challenge_ios.framework in Frameworks */ = {isa = PBXBuildFile; fileRef = 944D13D7DFABBC04B8199C00 /* Pods_bankin_challenge_ios.framework */; };
		52C8F113E73BAD65E1AF389E /* Pods_bankin_challenge_iosTests.framework in Frameworks */ = {isa = PBXBuildFile; fileRef = F7CDE52F8E6D5C70A6D577D0 /* Pods_bankin_challenge_iosTests.framework */; };
		6190D3098445F3659A771157 /* Pods_bankin_challenge_ios_bankin_challenge_iosUITests.framework in Frameworks */ = {isa = PBXBuildFile; fileRef = 479A5CD488CC9B7594535FDD /* Pods_bankin_challenge_ios_bankin_challenge_iosUITests.framework */; };
/* End PBXBuildFile section */

/* Begin PBXContainerItemProxy section */
		2E7DB8D0262F239200EE9054 /* PBXContainerItemProxy */ = {
			isa = PBXContainerItemProxy;
			containerPortal = 2E7DB8B1262F239000EE9054 /* Project object */;
			proxyType = 1;
			remoteGlobalIDString = 2E7DB8B8262F239000EE9054;
			remoteInfo = "bankin-challenge-ios";
		};
		2E7DB8DB262F239200EE9054 /* PBXContainerItemProxy */ = {
			isa = PBXContainerItemProxy;
			containerPortal = 2E7DB8B1262F239000EE9054 /* Project object */;
			proxyType = 1;
			remoteGlobalIDString = 2E7DB8B8262F239000EE9054;
			remoteInfo = "bankin-challenge-ios";
		};
/* End PBXContainerItemProxy section */

/* Begin PBXFileReference section */
		2E05BB50262F3045004180CC /* LoginViewController.swift */ = {isa = PBXFileReference; lastKnownFileType = sourcecode.swift; path = LoginViewController.swift; sourceTree = "<group>"; };
		2E05BB58262F3270004180CC /* BanksViewController.swift */ = {isa = PBXFileReference; lastKnownFileType = sourcecode.swift; path = BanksViewController.swift; sourceTree = "<group>"; };
		2E05BB6D262F4289004180CC /* ApiClient.swift */ = {isa = PBXFileReference; lastKnownFileType = sourcecode.swift; path = ApiClient.swift; sourceTree = "<group>"; };
		2E05BB72262F42CB004180CC /* ApiRequest.swift */ = {isa = PBXFileReference; lastKnownFileType = sourcecode.swift; path = ApiRequest.swift; sourceTree = "<group>"; };
		2E05BB77262F42FB004180CC /* ApiResponse.swift */ = {isa = PBXFileReference; lastKnownFileType = sourcecode.swift; path = ApiResponse.swift; sourceTree = "<group>"; };
		2E05BB7D262F4471004180CC /* GetBankListRequest.swift */ = {isa = PBXFileReference; lastKnownFileType = sourcecode.swift; path = GetBankListRequest.swift; sourceTree = "<group>"; };
		2E05BB85262F4615004180CC /* BankApiClient.swift */ = {isa = PBXFileReference; lastKnownFileType = sourcecode.swift; path = BankApiClient.swift; sourceTree = "<group>"; };
		2E05BB96262F4E52004180CC /* BankListModel.swift */ = {isa = PBXFileReference; lastKnownFileType = sourcecode.swift; path = BankListModel.swift; sourceTree = "<group>"; };
		2E05BBA6262F5CC0004180CC /* BanksViewModel.swift */ = {isa = PBXFileReference; lastKnownFileType = sourcecode.swift; path = BanksViewModel.swift; sourceTree = "<group>"; };
		2E05BBAC262F5D12004180CC /* BanksInfoService.swift */ = {isa = PBXFileReference; lastKnownFileType = sourcecode.swift; path = BanksInfoService.swift; sourceTree = "<group>"; };
		2E05BBB4262F62C6004180CC /* SubBankCellViewModel.swift */ = {isa = PBXFileReference; lastKnownFileType = sourcecode.swift; path = SubBankCellViewModel.swift; sourceTree = "<group>"; };
		2E05BBC4262F665F004180CC /* BankTableViewCell.swift */ = {isa = PBXFileReference; lastKnownFileType = sourcecode.swift; path = BankTableViewCell.swift; sourceTree = "<group>"; };
		2E11B58426317793000D625E /* BanksViewModelTests.swift */ = {isa = PBXFileReference; lastKnownFileType = sourcecode.swift; path = BanksViewModelTests.swift; sourceTree = "<group>"; };
		2E2C02C02630724F00EDE547 /* ParentBankCollectionViewCell.swift */ = {isa = PBXFileReference; lastKnownFileType = sourcecode.swift; path = ParentBankCollectionViewCell.swift; sourceTree = "<group>"; };
		2E2C02C526307D7200EDE547 /* SubBanksViewController.swift */ = {isa = PBXFileReference; lastKnownFileType = sourcecode.swift; path = SubBanksViewController.swift; sourceTree = "<group>"; };
		2E2C02CA26307FBF00EDE547 /* SubBanksViewModel.swift */ = {isa = PBXFileReference; lastKnownFileType = sourcecode.swift; path = SubBanksViewModel.swift; sourceTree = "<group>"; };
		2E2C02F2263093F800EDE547 /* SwitchCountryButton.swift */ = {isa = PBXFileReference; lastKnownFileType = sourcecode.swift; path = SwitchCountryButton.swift; sourceTree = "<group>"; };
		2E2C03072630ACC800EDE547 /* CountrySelectionPopupViewController.swift */ = {isa = PBXFileReference; lastKnownFileType = sourcecode.swift; path = CountrySelectionPopupViewController.swift; sourceTree = "<group>"; };
		2E2C030D2630AF9600EDE547 /* CountryTableViewCell.swift */ = {isa = PBXFileReference; lastKnownFileType = sourcecode.swift; path = CountryTableViewCell.swift; sourceTree = "<group>"; };
		2E2C03162630C21A00EDE547 /* Country.swift */ = {isa = PBXFileReference; lastKnownFileType = sourcecode.swift; path = Country.swift; sourceTree = "<group>"; };
		2E346B04263015B300EAA5A4 /* ParentBankCellViewModel.swift */ = {isa = PBXFileReference; lastKnownFileType = sourcecode.swift; path = ParentBankCellViewModel.swift; sourceTree = "<group>"; };
		2E3C467226302E9E00504C5E /* Images.swift */ = {isa = PBXFileReference; lastKnownFileType = sourcecode.swift; path = Images.swift; sourceTree = "<group>"; };
		2E7DB8B9262F239000EE9054 /* bankin-challenge-ios.app */ = {isa = PBXFileReference; explicitFileType = wrapper.application; includeInIndex = 0; path = "bankin-challenge-ios.app"; sourceTree = BUILT_PRODUCTS_DIR; };
		2E7DB8BC262F239000EE9054 /* AppDelegate.swift */ = {isa = PBXFileReference; lastKnownFileType = sourcecode.swift; path = AppDelegate.swift; sourceTree = "<group>"; };
		2E7DB8BE262F239000EE9054 /* SceneDelegate.swift */ = {isa = PBXFileReference; lastKnownFileType = sourcecode.swift; path = SceneDelegate.swift; sourceTree = "<group>"; };
		2E7DB8C5262F239200EE9054 /* Assets.xcassets */ = {isa = PBXFileReference; lastKnownFileType = folder.assetcatalog; path = Assets.xcassets; sourceTree = "<group>"; };
		2E7DB8C8262F239200EE9054 /* Base */ = {isa = PBXFileReference; lastKnownFileType = file.storyboard; name = Base; path = Base.lproj/LaunchScreen.storyboard; sourceTree = "<group>"; };
		2E7DB8CA262F239200EE9054 /* Info.plist */ = {isa = PBXFileReference; lastKnownFileType = text.plist.xml; path = Info.plist; sourceTree = "<group>"; };
		2E7DB8CF262F239200EE9054 /* bankin-challenge-iosTests.xctest */ = {isa = PBXFileReference; explicitFileType = wrapper.cfbundle; includeInIndex = 0; path = "bankin-challenge-iosTests.xctest"; sourceTree = BUILT_PRODUCTS_DIR; };
		2E7DB8D5262F239200EE9054 /* Info.plist */ = {isa = PBXFileReference; lastKnownFileType = text.plist.xml; path = Info.plist; sourceTree = "<group>"; };
		2E7DB8DA262F239200EE9054 /* bankin-challenge-iosUITests.xctest */ = {isa = PBXFileReference; explicitFileType = wrapper.cfbundle; includeInIndex = 0; path = "bankin-challenge-iosUITests.xctest"; sourceTree = BUILT_PRODUCTS_DIR; };
		2E7DB8DE262F239200EE9054 /* bankin_challenge_iosUITests.swift */ = {isa = PBXFileReference; lastKnownFileType = sourcecode.swift; path = bankin_challenge_iosUITests.swift; sourceTree = "<group>"; };
		2E7DB8E0262F239200EE9054 /* Info.plist */ = {isa = PBXFileReference; lastKnownFileType = text.plist.xml; path = Info.plist; sourceTree = "<group>"; };
		2EDBF634262F29EF0045AD07 /* Coordinator.swift */ = {isa = PBXFileReference; lastKnownFileType = sourcecode.swift; path = Coordinator.swift; sourceTree = "<group>"; };
		2EDBF639262F2A4E0045AD07 /* MainCoordinator.swift */ = {isa = PBXFileReference; lastKnownFileType = sourcecode.swift; path = MainCoordinator.swift; sourceTree = "<group>"; };
		479A5CD488CC9B7594535FDD /* Pods_bankin_challenge_ios_bankin_challenge_iosUITests.framework */ = {isa = PBXFileReference; explicitFileType = wrapper.framework; includeInIndex = 0; path = Pods_bankin_challenge_ios_bankin_challenge_iosUITests.framework; sourceTree = BUILT_PRODUCTS_DIR; };
		544FC4E910CFC664F22D89A0 /* Pods-bankin-challenge-iosTests.debug.xcconfig */ = {isa = PBXFileReference; includeInIndex = 1; lastKnownFileType = text.xcconfig; name = "Pods-bankin-challenge-iosTests.debug.xcconfig"; path = "Target Support Files/Pods-bankin-challenge-iosTests/Pods-bankin-challenge-iosTests.debug.xcconfig"; sourceTree = "<group>"; };
		5682BAE0EF720EE33FCA8CD8 /* Pods-bankin-challenge-ios.release.xcconfig */ = {isa = PBXFileReference; includeInIndex = 1; lastKnownFileType = text.xcconfig; name = "Pods-bankin-challenge-ios.release.xcconfig"; path = "Target Support Files/Pods-bankin-challenge-ios/Pods-bankin-challenge-ios.release.xcconfig"; sourceTree = "<group>"; };
		59174E8CF7E5439DE191DDBF /* Pods-bankin-challenge-ios-bankin-challenge-iosUITests.release.xcconfig */ = {isa = PBXFileReference; includeInIndex = 1; lastKnownFileType = text.xcconfig; name = "Pods-bankin-challenge-ios-bankin-challenge-iosUITests.release.xcconfig"; path = "Target Support Files/Pods-bankin-challenge-ios-bankin-challenge-iosUITests/Pods-bankin-challenge-ios-bankin-challenge-iosUITests.release.xcconfig"; sourceTree = "<group>"; };
		6978C319E4E4946E02A1AEBF /* Pods-bankin-challenge-ios.debug.xcconfig */ = {isa = PBXFileReference; includeInIndex = 1; lastKnownFileType = text.xcconfig; name = "Pods-bankin-challenge-ios.debug.xcconfig"; path = "Target Support Files/Pods-bankin-challenge-ios/Pods-bankin-challenge-ios.debug.xcconfig"; sourceTree = "<group>"; };
		944D13D7DFABBC04B8199C00 /* Pods_bankin_challenge_ios.framework */ = {isa = PBXFileReference; explicitFileType = wrapper.framework; includeInIndex = 0; path = Pods_bankin_challenge_ios.framework; sourceTree = BUILT_PRODUCTS_DIR; };
		D5821D4AFAE399C9501AD420 /* Pods-bankin-challenge-ios-bankin-challenge-iosUITests.debug.xcconfig */ = {isa = PBXFileReference; includeInIndex = 1; lastKnownFileType = text.xcconfig; name = "Pods-bankin-challenge-ios-bankin-challenge-iosUITests.debug.xcconfig"; path = "Target Support Files/Pods-bankin-challenge-ios-bankin-challenge-iosUITests/Pods-bankin-challenge-ios-bankin-challenge-iosUITests.debug.xcconfig"; sourceTree = "<group>"; };
		F5C199DB9EBC2E6136D962C4 /* Pods-bankin-challenge-iosTests.release.xcconfig */ = {isa = PBXFileReference; includeInIndex = 1; lastKnownFileType = text.xcconfig; name = "Pods-bankin-challenge-iosTests.release.xcconfig"; path = "Target Support Files/Pods-bankin-challenge-iosTests/Pods-bankin-challenge-iosTests.release.xcconfig"; sourceTree = "<group>"; };
		F7CDE52F8E6D5C70A6D577D0 /* Pods_bankin_challenge_iosTests.framework */ = {isa = PBXFileReference; explicitFileType = wrapper.framework; includeInIndex = 0; path = Pods_bankin_challenge_iosTests.framework; sourceTree = BUILT_PRODUCTS_DIR; };
/* End PBXFileReference section */

/* Begin PBXFrameworksBuildPhase section */
		2E7DB8B6262F239000EE9054 /* Frameworks */ = {
			isa = PBXFrameworksBuildPhase;
			buildActionMask = 2147483647;
			files = (
				51D585F32E164A6419E9BF63 /* Pods_bankin_challenge_ios.framework in Frameworks */,
			);
			runOnlyForDeploymentPostprocessing = 0;
		};
		2E7DB8CC262F239200EE9054 /* Frameworks */ = {
			isa = PBXFrameworksBuildPhase;
			buildActionMask = 2147483647;
			files = (
				52C8F113E73BAD65E1AF389E /* Pods_bankin_challenge_iosTests.framework in Frameworks */,
			);
			runOnlyForDeploymentPostprocessing = 0;
		};
		2E7DB8D7262F239200EE9054 /* Frameworks */ = {
			isa = PBXFrameworksBuildPhase;
			buildActionMask = 2147483647;
			files = (
				6190D3098445F3659A771157 /* Pods_bankin_challenge_ios_bankin_challenge_iosUITests.framework in Frameworks */,
			);
			runOnlyForDeploymentPostprocessing = 0;
		};
/* End PBXFrameworksBuildPhase section */

/* Begin PBXGroup section */
		13B8904F36000D80D5E0731E /* Frameworks */ = {
			isa = PBXGroup;
			children = (
				944D13D7DFABBC04B8199C00 /* Pods_bankin_challenge_ios.framework */,
				479A5CD488CC9B7594535FDD /* Pods_bankin_challenge_ios_bankin_challenge_iosUITests.framework */,
				F7CDE52F8E6D5C70A6D577D0 /* Pods_bankin_challenge_iosTests.framework */,
			);
			name = Frameworks;
			sourceTree = "<group>";
		};
		2E05BB7C262F4370004180CC /* Requests */ = {
			isa = PBXGroup;
			children = (
				2E05BB7D262F4471004180CC /* GetBankListRequest.swift */,
			);
			path = Requests;
			sourceTree = "<group>";
		};
		2E05BB8D262F48E2004180CC /* Api */ = {
			isa = PBXGroup;
			children = (
				2E05BB95262F4BFF004180CC /* Models */,
				2E05BB7C262F4370004180CC /* Requests */,
				2E05BB77262F42FB004180CC /* ApiResponse.swift */,
				2E05BB72262F42CB004180CC /* ApiRequest.swift */,
			);
			path = Api;
			sourceTree = "<group>";
		};
		2E05BB91262F4910004180CC /* Client */ = {
			isa = PBXGroup;
			children = (
				2E05BB6D262F4289004180CC /* ApiClient.swift */,
				2E05BB85262F4615004180CC /* BankApiClient.swift */,
			);
			path = Client;
			sourceTree = "<group>";
		};
		2E05BB95262F4BFF004180CC /* Models */ = {
			isa = PBXGroup;
			children = (
				2E05BB96262F4E52004180CC /* BankListModel.swift */,
				2E2C03162630C21A00EDE547 /* Country.swift */,
			);
			path = Models;
			sourceTree = "<group>";
		};
		2E05BBAB262F5CE5004180CC /* Services */ = {
			isa = PBXGroup;
			children = (
				2E05BBAC262F5D12004180CC /* BanksInfoService.swift */,
			);
			path = Services;
			sourceTree = "<group>";
		};
		2E2C02CF26307FC400EDE547 /* Banks */ = {
			isa = PBXGroup;
			children = (
				2E346B04263015B300EAA5A4 /* ParentBankCellViewModel.swift */,
				2E05BBB4262F62C6004180CC /* SubBankCellViewModel.swift */,
				2E05BBA6262F5CC0004180CC /* BanksViewModel.swift */,
			);
			path = Banks;
			sourceTree = "<group>";
		};
		2E2C02D026307FCA00EDE547 /* SubBanks */ = {
			isa = PBXGroup;
			children = (
				2E2C02CA26307FBF00EDE547 /* SubBanksViewModel.swift */,
			);
			path = SubBanks;
			sourceTree = "<group>";
		};
		2E2C02EC2630936B00EDE547 /* Banks */ = {
			isa = PBXGroup;
			children = (
				2E2C02C02630724F00EDE547 /* ParentBankCollectionViewCell.swift */,
				2E2C02F2263093F800EDE547 /* SwitchCountryButton.swift */,
			);
			path = Banks;
			sourceTree = "<group>";
		};
		2E2C02F02630938900EDE547 /* SubBanks */ = {
			isa = PBXGroup;
			children = (
				2E05BBC4262F665F004180CC /* BankTableViewCell.swift */,
			);
			path = SubBanks;
			sourceTree = "<group>";
		};
		2E2C030C2630AF2200EDE547 /* CountrySelection */ = {
			isa = PBXGroup;
			children = (
				2E2C030D2630AF9600EDE547 /* CountryTableViewCell.swift */,
			);
			path = CountrySelection;
			sourceTree = "<group>";
		};
		2E7DB8B0262F239000EE9054 = {
			isa = PBXGroup;
			children = (
				2E7DB8BB262F239000EE9054 /* bankin-challenge-ios */,
				2E7DB8D2262F239200EE9054 /* bankin-challenge-iosTests */,
				2E7DB8DD262F239200EE9054 /* bankin-challenge-iosUITests */,
				2E7DB8BA262F239000EE9054 /* Products */,
				657FF2A6A243EEAC7431EFFA /* Pods */,
				13B8904F36000D80D5E0731E /* Frameworks */,
			);
			sourceTree = "<group>";
		};
		2E7DB8BA262F239000EE9054 /* Products */ = {
			isa = PBXGroup;
			children = (
				2E7DB8B9262F239000EE9054 /* bankin-challenge-ios.app */,
				2E7DB8CF262F239200EE9054 /* bankin-challenge-iosTests.xctest */,
				2E7DB8DA262F239200EE9054 /* bankin-challenge-iosUITests.xctest */,
			);
			name = Products;
			sourceTree = "<group>";
		};
		2E7DB8BB262F239000EE9054 /* bankin-challenge-ios */ = {
			isa = PBXGroup;
			children = (
				2E7DB8EF262F23A900EE9054 /* Base */,
				2EDBF626262F28E20045AD07 /* Navigation */,
				2E7DB8F0262F23B300EE9054 /* Features */,
				2E7DB8F1262F23BF00EE9054 /* Network */,
				2E7DB8F2262F23D000EE9054 /* Extensions */,
				2E7DB8C7262F239200EE9054 /* LaunchScreen.storyboard */,
			);
			path = "bankin-challenge-ios";
			sourceTree = "<group>";
		};
		2E7DB8D2262F239200EE9054 /* bankin-challenge-iosTests */ = {
			isa = PBXGroup;
			children = (
				2E11B58426317793000D625E /* BanksViewModelTests.swift */,
				2E7DB8D5262F239200EE9054 /* Info.plist */,
			);
			path = "bankin-challenge-iosTests";
			sourceTree = "<group>";
		};
		2E7DB8DD262F239200EE9054 /* bankin-challenge-iosUITests */ = {
			isa = PBXGroup;
			children = (
				2E7DB8DE262F239200EE9054 /* bankin_challenge_iosUITests.swift */,
				2E7DB8E0262F239200EE9054 /* Info.plist */,
			);
			path = "bankin-challenge-iosUITests";
			sourceTree = "<group>";
		};
		2E7DB8EF262F23A900EE9054 /* Base */ = {
			isa = PBXGroup;
			children = (
				2E7DB8C5262F239200EE9054 /* Assets.xcassets */,
				2E7DB8BC262F239000EE9054 /* AppDelegate.swift */,
				2E7DB8BE262F239000EE9054 /* SceneDelegate.swift */,
				2E7DB8CA262F239200EE9054 /* Info.plist */,
			);
			path = Base;
			sourceTree = "<group>";
		};
		2E7DB8F0262F23B300EE9054 /* Features */ = {
			isa = PBXGroup;
			children = (
				2EDBF621262F28160045AD07 /* Login */,
				2EDBF620262F28080045AD07 /* Banks */,
			);
			path = Features;
			sourceTree = "<group>";
		};
		2E7DB8F1262F23BF00EE9054 /* Network */ = {
			isa = PBXGroup;
			children = (
				2E05BBAB262F5CE5004180CC /* Services */,
				2E05BB8D262F48E2004180CC /* Api */,
				2E05BB91262F4910004180CC /* Client */,
			);
			path = Network;
			sourceTree = "<group>";
		};
		2E7DB8F2262F23D000EE9054 /* Extensions */ = {
			isa = PBXGroup;
			children = (
				2E3C467226302E9E00504C5E /* Images.swift */,
			);
			path = Extensions;
			sourceTree = "<group>";
		};
		2E7DB8F3262F23E600EE9054 /* Views */ = {
			isa = PBXGroup;
			children = (
				2E2C02EC2630936B00EDE547 /* Banks */,
				2E2C02F02630938900EDE547 /* SubBanks */,
				2E2C030C2630AF2200EDE547 /* CountrySelection */,
			);
			path = Views;
			sourceTree = "<group>";
		};
		2E7DB8F4262F23F300EE9054 /* ViewControllers */ = {
			isa = PBXGroup;
			children = (
				2E05BB58262F3270004180CC /* BanksViewController.swift */,
				2E2C02C526307D7200EDE547 /* SubBanksViewController.swift */,
				2E2C03072630ACC800EDE547 /* CountrySelectionPopupViewController.swift */,
			);
			path = ViewControllers;
			sourceTree = "<group>";
		};
		2E7DB8F5262F23FC00EE9054 /* ViewModels */ = {
			isa = PBXGroup;
			children = (
				2E2C02CF26307FC400EDE547 /* Banks */,
				2E2C02D026307FCA00EDE547 /* SubBanks */,
			);
			path = ViewModels;
			sourceTree = "<group>";
		};
		2EDBF620262F28080045AD07 /* Banks */ = {
			isa = PBXGroup;
			children = (
				2E7DB8F3262F23E600EE9054 /* Views */,
				2E7DB8F5262F23FC00EE9054 /* ViewModels */,
				2E7DB8F4262F23F300EE9054 /* ViewControllers */,
			);
			path = Banks;
			sourceTree = "<group>";
		};
		2EDBF621262F28160045AD07 /* Login */ = {
			isa = PBXGroup;
			children = (
				2EDBF624262F282F0045AD07 /* Views */,
				2EDBF623262F28280045AD07 /* ViewModels */,
				2EDBF622262F28210045AD07 /* ViewControllers */,
			);
			path = Login;
			sourceTree = "<group>";
		};
		2EDBF622262F28210045AD07 /* ViewControllers */ = {
			isa = PBXGroup;
			children = (
				2E05BB50262F3045004180CC /* LoginViewController.swift */,
			);
			path = ViewControllers;
			sourceTree = "<group>";
		};
		2EDBF623262F28280045AD07 /* ViewModels */ = {
			isa = PBXGroup;
			children = (
			);
			path = ViewModels;
			sourceTree = "<group>";
		};
		2EDBF624262F282F0045AD07 /* Views */ = {
			isa = PBXGroup;
			children = (
			);
			path = Views;
			sourceTree = "<group>";
		};
		2EDBF626262F28E20045AD07 /* Navigation */ = {
			isa = PBXGroup;
			children = (
				2EDBF634262F29EF0045AD07 /* Coordinator.swift */,
				2EDBF639262F2A4E0045AD07 /* MainCoordinator.swift */,
			);
			path = Navigation;
			sourceTree = "<group>";
		};
		657FF2A6A243EEAC7431EFFA /* Pods */ = {
			isa = PBXGroup;
			children = (
				6978C319E4E4946E02A1AEBF /* Pods-bankin-challenge-ios.debug.xcconfig */,
				5682BAE0EF720EE33FCA8CD8 /* Pods-bankin-challenge-ios.release.xcconfig */,
				D5821D4AFAE399C9501AD420 /* Pods-bankin-challenge-ios-bankin-challenge-iosUITests.debug.xcconfig */,
				59174E8CF7E5439DE191DDBF /* Pods-bankin-challenge-ios-bankin-challenge-iosUITests.release.xcconfig */,
				544FC4E910CFC664F22D89A0 /* Pods-bankin-challenge-iosTests.debug.xcconfig */,
				F5C199DB9EBC2E6136D962C4 /* Pods-bankin-challenge-iosTests.release.xcconfig */,
			);
			path = Pods;
			sourceTree = "<group>";
		};
/* End PBXGroup section */

/* Begin PBXNativeTarget section */
		2E7DB8B8262F239000EE9054 /* bankin-challenge-ios */ = {
			isa = PBXNativeTarget;
			buildConfigurationList = 2E7DB8E3262F239200EE9054 /* Build configuration list for PBXNativeTarget "bankin-challenge-ios" */;
			buildPhases = (
				8F91A4BF2EBF99BCCDCE6B68 /* [CP] Check Pods Manifest.lock */,
				2E7DB8B5262F239000EE9054 /* Sources */,
				2E7DB8B6262F239000EE9054 /* Frameworks */,
				2E7DB8B7262F239000EE9054 /* Resources */,
				9503F0DC5BE404C3DCAE463D /* [CP] Embed Pods Frameworks */,
			);
			buildRules = (
			);
			dependencies = (
			);
			name = "bankin-challenge-ios";
			productName = "bankin-challenge-ios";
			productReference = 2E7DB8B9262F239000EE9054 /* bankin-challenge-ios.app */;
			productType = "com.apple.product-type.application";
		};
		2E7DB8CE262F239200EE9054 /* bankin-challenge-iosTests */ = {
			isa = PBXNativeTarget;
			buildConfigurationList = 2E7DB8E6262F239200EE9054 /* Build configuration list for PBXNativeTarget "bankin-challenge-iosTests" */;
			buildPhases = (
				44C45CFEDB03243CB13B366C /* [CP] Check Pods Manifest.lock */,
				2E7DB8CB262F239200EE9054 /* Sources */,
				2E7DB8CC262F239200EE9054 /* Frameworks */,
				2E7DB8CD262F239200EE9054 /* Resources */,
			);
			buildRules = (
			);
			dependencies = (
				2E7DB8D1262F239200EE9054 /* PBXTargetDependency */,
			);
			name = "bankin-challenge-iosTests";
			productName = "bankin-challenge-iosTests";
			productReference = 2E7DB8CF262F239200EE9054 /* bankin-challenge-iosTests.xctest */;
			productType = "com.apple.product-type.bundle.unit-test";
		};
		2E7DB8D9262F239200EE9054 /* bankin-challenge-iosUITests */ = {
			isa = PBXNativeTarget;
			buildConfigurationList = 2E7DB8E9262F239200EE9054 /* Build configuration list for PBXNativeTarget "bankin-challenge-iosUITests" */;
			buildPhases = (
				6688D903CBB3A82DBC5F917D /* [CP] Check Pods Manifest.lock */,
				2E7DB8D6262F239200EE9054 /* Sources */,
				2E7DB8D7262F239200EE9054 /* Frameworks */,
				2E7DB8D8262F239200EE9054 /* Resources */,
				6A3ED2FE78D6F56BA496C2D8 /* [CP] Embed Pods Frameworks */,
			);
			buildRules = (
			);
			dependencies = (
				2E7DB8DC262F239200EE9054 /* PBXTargetDependency */,
			);
			name = "bankin-challenge-iosUITests";
			productName = "bankin-challenge-iosUITests";
			productReference = 2E7DB8DA262F239200EE9054 /* bankin-challenge-iosUITests.xctest */;
			productType = "com.apple.product-type.bundle.ui-testing";
		};
/* End PBXNativeTarget section */

/* Begin PBXProject section */
		2E7DB8B1262F239000EE9054 /* Project object */ = {
			isa = PBXProject;
			attributes = {
				LastSwiftUpdateCheck = 1240;
				LastUpgradeCheck = 1240;
				ORGANIZATIONNAME = "Axel Drozdzynski";
				TargetAttributes = {
					2E7DB8B8262F239000EE9054 = {
						CreatedOnToolsVersion = 12.4;
					};
					2E7DB8CE262F239200EE9054 = {
						CreatedOnToolsVersion = 12.4;
						TestTargetID = 2E7DB8B8262F239000EE9054;
					};
					2E7DB8D9262F239200EE9054 = {
						CreatedOnToolsVersion = 12.4;
						TestTargetID = 2E7DB8B8262F239000EE9054;
					};
				};
			};
			buildConfigurationList = 2E7DB8B4262F239000EE9054 /* Build configuration list for PBXProject "bankin-challenge-ios" */;
			compatibilityVersion = "Xcode 9.3";
			developmentRegion = en;
			hasScannedForEncodings = 0;
			knownRegions = (
				en,
				Base,
			);
			mainGroup = 2E7DB8B0262F239000EE9054;
			productRefGroup = 2E7DB8BA262F239000EE9054 /* Products */;
			projectDirPath = "";
			projectRoot = "";
			targets = (
				2E7DB8B8262F239000EE9054 /* bankin-challenge-ios */,
				2E7DB8CE262F239200EE9054 /* bankin-challenge-iosTests */,
				2E7DB8D9262F239200EE9054 /* bankin-challenge-iosUITests */,
			);
		};
/* End PBXProject section */

/* Begin PBXResourcesBuildPhase section */
		2E7DB8B7262F239000EE9054 /* Resources */ = {
			isa = PBXResourcesBuildPhase;
			buildActionMask = 2147483647;
			files = (
				2E7DB8C9262F239200EE9054 /* LaunchScreen.storyboard in Resources */,
				2E7DB8C6262F239200EE9054 /* Assets.xcassets in Resources */,
			);
			runOnlyForDeploymentPostprocessing = 0;
		};
		2E7DB8CD262F239200EE9054 /* Resources */ = {
			isa = PBXResourcesBuildPhase;
			buildActionMask = 2147483647;
			files = (
			);
			runOnlyForDeploymentPostprocessing = 0;
		};
		2E7DB8D8262F239200EE9054 /* Resources */ = {
			isa = PBXResourcesBuildPhase;
			buildActionMask = 2147483647;
			files = (
			);
			runOnlyForDeploymentPostprocessing = 0;
		};
/* End PBXResourcesBuildPhase section */

/* Begin PBXShellScriptBuildPhase section */
		44C45CFEDB03243CB13B366C /* [CP] Check Pods Manifest.lock */ = {
			isa = PBXShellScriptBuildPhase;
			buildActionMask = 2147483647;
			files = (
			);
			inputFileListPaths = (
			);
			inputPaths = (
				"${PODS_PODFILE_DIR_PATH}/Podfile.lock",
				"${PODS_ROOT}/Manifest.lock",
			);
			name = "[CP] Check Pods Manifest.lock";
			outputFileListPaths = (
			);
			outputPaths = (
				"$(DERIVED_FILE_DIR)/Pods-bankin-challenge-iosTests-checkManifestLockResult.txt",
			);
			runOnlyForDeploymentPostprocessing = 0;
			shellPath = /bin/sh;
			shellScript = "diff \"${PODS_PODFILE_DIR_PATH}/Podfile.lock\" \"${PODS_ROOT}/Manifest.lock\" > /dev/null\nif [ $? != 0 ] ; then\n    # print error to STDERR\n    echo \"error: The sandbox is not in sync with the Podfile.lock. Run 'pod install' or update your CocoaPods installation.\" >&2\n    exit 1\nfi\n# This output is used by Xcode 'outputs' to avoid re-running this script phase.\necho \"SUCCESS\" > \"${SCRIPT_OUTPUT_FILE_0}\"\n";
			showEnvVarsInLog = 0;
		};
		6688D903CBB3A82DBC5F917D /* [CP] Check Pods Manifest.lock */ = {
			isa = PBXShellScriptBuildPhase;
			buildActionMask = 2147483647;
			files = (
			);
			inputFileListPaths = (
			);
			inputPaths = (
				"${PODS_PODFILE_DIR_PATH}/Podfile.lock",
				"${PODS_ROOT}/Manifest.lock",
			);
			name = "[CP] Check Pods Manifest.lock";
			outputFileListPaths = (
			);
			outputPaths = (
				"$(DERIVED_FILE_DIR)/Pods-bankin-challenge-ios-bankin-challenge-iosUITests-checkManifestLockResult.txt",
			);
			runOnlyForDeploymentPostprocessing = 0;
			shellPath = /bin/sh;
			shellScript = "diff \"${PODS_PODFILE_DIR_PATH}/Podfile.lock\" \"${PODS_ROOT}/Manifest.lock\" > /dev/null\nif [ $? != 0 ] ; then\n    # print error to STDERR\n    echo \"error: The sandbox is not in sync with the Podfile.lock. Run 'pod install' or update your CocoaPods installation.\" >&2\n    exit 1\nfi\n# This output is used by Xcode 'outputs' to avoid re-running this script phase.\necho \"SUCCESS\" > \"${SCRIPT_OUTPUT_FILE_0}\"\n";
			showEnvVarsInLog = 0;
		};
		6A3ED2FE78D6F56BA496C2D8 /* [CP] Embed Pods Frameworks */ = {
			isa = PBXShellScriptBuildPhase;
			buildActionMask = 2147483647;
			files = (
			);
			inputFileListPaths = (
				"${PODS_ROOT}/Target Support Files/Pods-bankin-challenge-ios-bankin-challenge-iosUITests/Pods-bankin-challenge-ios-bankin-challenge-iosUITests-frameworks-${CONFIGURATION}-input-files.xcfilelist",
			);
			name = "[CP] Embed Pods Frameworks";
			outputFileListPaths = (
				"${PODS_ROOT}/Target Support Files/Pods-bankin-challenge-ios-bankin-challenge-iosUITests/Pods-bankin-challenge-ios-bankin-challenge-iosUITests-frameworks-${CONFIGURATION}-output-files.xcfilelist",
			);
			runOnlyForDeploymentPostprocessing = 0;
			shellPath = /bin/sh;
			shellScript = "\"${PODS_ROOT}/Target Support Files/Pods-bankin-challenge-ios-bankin-challenge-iosUITests/Pods-bankin-challenge-ios-bankin-challenge-iosUITests-frameworks.sh\"\n";
			showEnvVarsInLog = 0;
		};
		8F91A4BF2EBF99BCCDCE6B68 /* [CP] Check Pods Manifest.lock */ = {
			isa = PBXShellScriptBuildPhase;
			buildActionMask = 2147483647;
			files = (
			);
			inputFileListPaths = (
			);
			inputPaths = (
				"${PODS_PODFILE_DIR_PATH}/Podfile.lock",
				"${PODS_ROOT}/Manifest.lock",
			);
			name = "[CP] Check Pods Manifest.lock";
			outputFileListPaths = (
			);
			outputPaths = (
				"$(DERIVED_FILE_DIR)/Pods-bankin-challenge-ios-checkManifestLockResult.txt",
			);
			runOnlyForDeploymentPostprocessing = 0;
			shellPath = /bin/sh;
			shellScript = "diff \"${PODS_PODFILE_DIR_PATH}/Podfile.lock\" \"${PODS_ROOT}/Manifest.lock\" > /dev/null\nif [ $? != 0 ] ; then\n    # print error to STDERR\n    echo \"error: The sandbox is not in sync with the Podfile.lock. Run 'pod install' or update your CocoaPods installation.\" >&2\n    exit 1\nfi\n# This output is used by Xcode 'outputs' to avoid re-running this script phase.\necho \"SUCCESS\" > \"${SCRIPT_OUTPUT_FILE_0}\"\n";
			showEnvVarsInLog = 0;
		};
		9503F0DC5BE404C3DCAE463D /* [CP] Embed Pods Frameworks */ = {
			isa = PBXShellScriptBuildPhase;
			buildActionMask = 2147483647;
			files = (
			);
			inputFileListPaths = (
				"${PODS_ROOT}/Target Support Files/Pods-bankin-challenge-ios/Pods-bankin-challenge-ios-frameworks-${CONFIGURATION}-input-files.xcfilelist",
			);
			name = "[CP] Embed Pods Frameworks";
			outputFileListPaths = (
				"${PODS_ROOT}/Target Support Files/Pods-bankin-challenge-ios/Pods-bankin-challenge-ios-frameworks-${CONFIGURATION}-output-files.xcfilelist",
			);
			runOnlyForDeploymentPostprocessing = 0;
			shellPath = /bin/sh;
			shellScript = "\"${PODS_ROOT}/Target Support Files/Pods-bankin-challenge-ios/Pods-bankin-challenge-ios-frameworks.sh\"\n";
			showEnvVarsInLog = 0;
		};
/* End PBXShellScriptBuildPhase section */

/* Begin PBXSourcesBuildPhase section */
		2E7DB8B5262F239000EE9054 /* Sources */ = {
			isa = PBXSourcesBuildPhase;
			buildActionMask = 2147483647;
			files = (
				2E05BB6E262F4289004180CC /* ApiClient.swift in Sources */,
				2E2C02CB26307FBF00EDE547 /* SubBanksViewModel.swift in Sources */,
				2E05BBAD262F5D12004180CC /* BanksInfoService.swift in Sources */,
				2E05BB51262F3045004180CC /* LoginViewController.swift in Sources */,
				2E05BB86262F4615004180CC /* BankApiClient.swift in Sources */,
				2E05BB97262F4E52004180CC /* BankListModel.swift in Sources */,
				2E05BBB5262F62C6004180CC /* SubBankCellViewModel.swift in Sources */,
				2EDBF63A262F2A4E0045AD07 /* MainCoordinator.swift in Sources */,
				2E7DB8BD262F239000EE9054 /* AppDelegate.swift in Sources */,
				2E2C030E2630AF9600EDE547 /* CountryTableViewCell.swift in Sources */,
				2E05BB7E262F4471004180CC /* GetBankListRequest.swift in Sources */,
				2E346B05263015B300EAA5A4 /* ParentBankCellViewModel.swift in Sources */,
				2E2C02C12630724F00EDE547 /* ParentBankCollectionViewCell.swift in Sources */,
				2E05BBC5262F665F004180CC /* BankTableViewCell.swift in Sources */,
				2EDBF635262F29EF0045AD07 /* Coordinator.swift in Sources */,
				2E2C02C626307D7200EDE547 /* SubBanksViewController.swift in Sources */,
				2E2C03172630C21A00EDE547 /* Country.swift in Sources */,
				2E7DB8BF262F239000EE9054 /* SceneDelegate.swift in Sources */,
				2E3C467326302E9E00504C5E /* Images.swift in Sources */,
				2E05BB78262F42FB004180CC /* ApiResponse.swift in Sources */,
				2E05BB73262F42CB004180CC /* ApiRequest.swift in Sources */,
				2E05BB59262F3270004180CC /* BanksViewController.swift in Sources */,
				2E05BBA7262F5CC0004180CC /* BanksViewModel.swift in Sources */,
				2E2C03082630ACC800EDE547 /* CountrySelectionPopupViewController.swift in Sources */,
				2E2C02F3263093F800EDE547 /* SwitchCountryButton.swift in Sources */,
			);
			runOnlyForDeploymentPostprocessing = 0;
		};
		2E7DB8CB262F239200EE9054 /* Sources */ = {
			isa = PBXSourcesBuildPhase;
			buildActionMask = 2147483647;
			files = (
				2E11B58526317793000D625E /* BanksViewModelTests.swift in Sources */,
			);
			runOnlyForDeploymentPostprocessing = 0;
		};
		2E7DB8D6262F239200EE9054 /* Sources */ = {
			isa = PBXSourcesBuildPhase;
			buildActionMask = 2147483647;
			files = (
				2E7DB8DF262F239200EE9054 /* bankin_challenge_iosUITests.swift in Sources */,
			);
			runOnlyForDeploymentPostprocessing = 0;
		};
/* End PBXSourcesBuildPhase section */

/* Begin PBXTargetDependency section */
		2E7DB8D1262F239200EE9054 /* PBXTargetDependency */ = {
			isa = PBXTargetDependency;
			target = 2E7DB8B8262F239000EE9054 /* bankin-challenge-ios */;
			targetProxy = 2E7DB8D0262F239200EE9054 /* PBXContainerItemProxy */;
		};
		2E7DB8DC262F239200EE9054 /* PBXTargetDependency */ = {
			isa = PBXTargetDependency;
			target = 2E7DB8B8262F239000EE9054 /* bankin-challenge-ios */;
			targetProxy = 2E7DB8DB262F239200EE9054 /* PBXContainerItemProxy */;
		};
/* End PBXTargetDependency section */

/* Begin PBXVariantGroup section */
		2E7DB8C7262F239200EE9054 /* LaunchScreen.storyboard */ = {
			isa = PBXVariantGroup;
			children = (
				2E7DB8C8262F239200EE9054 /* Base */,
			);
			name = LaunchScreen.storyboard;
			sourceTree = "<group>";
		};
/* End PBXVariantGroup section */

/* Begin XCBuildConfiguration section */
		2E7DB8E1262F239200EE9054 /* Debug */ = {
			isa = XCBuildConfiguration;
			buildSettings = {
				ALWAYS_SEARCH_USER_PATHS = NO;
				CLANG_ANALYZER_NONNULL = YES;
				CLANG_ANALYZER_NUMBER_OBJECT_CONVERSION = YES_AGGRESSIVE;
				CLANG_CXX_LANGUAGE_STANDARD = "gnu++14";
				CLANG_CXX_LIBRARY = "libc++";
				CLANG_ENABLE_MODULES = YES;
				CLANG_ENABLE_OBJC_ARC = YES;
				CLANG_ENABLE_OBJC_WEAK = YES;
				CLANG_WARN_BLOCK_CAPTURE_AUTORELEASING = YES;
				CLANG_WARN_BOOL_CONVERSION = YES;
				CLANG_WARN_COMMA = YES;
				CLANG_WARN_CONSTANT_CONVERSION = YES;
				CLANG_WARN_DEPRECATED_OBJC_IMPLEMENTATIONS = YES;
				CLANG_WARN_DIRECT_OBJC_ISA_USAGE = YES_ERROR;
				CLANG_WARN_DOCUMENTATION_COMMENTS = YES;
				CLANG_WARN_EMPTY_BODY = YES;
				CLANG_WARN_ENUM_CONVERSION = YES;
				CLANG_WARN_INFINITE_RECURSION = YES;
				CLANG_WARN_INT_CONVERSION = YES;
				CLANG_WARN_NON_LITERAL_NULL_CONVERSION = YES;
				CLANG_WARN_OBJC_IMPLICIT_RETAIN_SELF = YES;
				CLANG_WARN_OBJC_LITERAL_CONVERSION = YES;
				CLANG_WARN_OBJC_ROOT_CLASS = YES_ERROR;
				CLANG_WARN_QUOTED_INCLUDE_IN_FRAMEWORK_HEADER = YES;
				CLANG_WARN_RANGE_LOOP_ANALYSIS = YES;
				CLANG_WARN_STRICT_PROTOTYPES = YES;
				CLANG_WARN_SUSPICIOUS_MOVE = YES;
				CLANG_WARN_UNGUARDED_AVAILABILITY = YES_AGGRESSIVE;
				CLANG_WARN_UNREACHABLE_CODE = YES;
				CLANG_WARN__DUPLICATE_METHOD_MATCH = YES;
				COPY_PHASE_STRIP = NO;
				DEBUG_INFORMATION_FORMAT = dwarf;
				ENABLE_STRICT_OBJC_MSGSEND = YES;
				ENABLE_TESTABILITY = YES;
				GCC_C_LANGUAGE_STANDARD = gnu11;
				GCC_DYNAMIC_NO_PIC = NO;
				GCC_NO_COMMON_BLOCKS = YES;
				GCC_OPTIMIZATION_LEVEL = 0;
				GCC_PREPROCESSOR_DEFINITIONS = (
					"DEBUG=1",
					"$(inherited)",
				);
				GCC_WARN_64_TO_32_BIT_CONVERSION = YES;
				GCC_WARN_ABOUT_RETURN_TYPE = YES_ERROR;
				GCC_WARN_UNDECLARED_SELECTOR = YES;
				GCC_WARN_UNINITIALIZED_AUTOS = YES_AGGRESSIVE;
				GCC_WARN_UNUSED_FUNCTION = YES;
				GCC_WARN_UNUSED_VARIABLE = YES;
				IPHONEOS_DEPLOYMENT_TARGET = 13.0;
				MTL_ENABLE_DEBUG_INFO = INCLUDE_SOURCE;
				MTL_FAST_MATH = YES;
				ONLY_ACTIVE_ARCH = YES;
				SDKROOT = iphoneos;
				SWIFT_ACTIVE_COMPILATION_CONDITIONS = DEBUG;
				SWIFT_OPTIMIZATION_LEVEL = "-Onone";
			};
			name = Debug;
		};
		2E7DB8E2262F239200EE9054 /* Release */ = {
			isa = XCBuildConfiguration;
			buildSettings = {
				ALWAYS_SEARCH_USER_PATHS = NO;
				CLANG_ANALYZER_NONNULL = YES;
				CLANG_ANALYZER_NUMBER_OBJECT_CONVERSION = YES_AGGRESSIVE;
				CLANG_CXX_LANGUAGE_STANDARD = "gnu++14";
				CLANG_CXX_LIBRARY = "libc++";
				CLANG_ENABLE_MODULES = YES;
				CLANG_ENABLE_OBJC_ARC = YES;
				CLANG_ENABLE_OBJC_WEAK = YES;
				CLANG_WARN_BLOCK_CAPTURE_AUTORELEASING = YES;
				CLANG_WARN_BOOL_CONVERSION = YES;
				CLANG_WARN_COMMA = YES;
				CLANG_WARN_CONSTANT_CONVERSION = YES;
				CLANG_WARN_DEPRECATED_OBJC_IMPLEMENTATIONS = YES;
				CLANG_WARN_DIRECT_OBJC_ISA_USAGE = YES_ERROR;
				CLANG_WARN_DOCUMENTATION_COMMENTS = YES;
				CLANG_WARN_EMPTY_BODY = YES;
				CLANG_WARN_ENUM_CONVERSION = YES;
				CLANG_WARN_INFINITE_RECURSION = YES;
				CLANG_WARN_INT_CONVERSION = YES;
				CLANG_WARN_NON_LITERAL_NULL_CONVERSION = YES;
				CLANG_WARN_OBJC_IMPLICIT_RETAIN_SELF = YES;
				CLANG_WARN_OBJC_LITERAL_CONVERSION = YES;
				CLANG_WARN_OBJC_ROOT_CLASS = YES_ERROR;
				CLANG_WARN_QUOTED_INCLUDE_IN_FRAMEWORK_HEADER = YES;
				CLANG_WARN_RANGE_LOOP_ANALYSIS = YES;
				CLANG_WARN_STRICT_PROTOTYPES = YES;
				CLANG_WARN_SUSPICIOUS_MOVE = YES;
				CLANG_WARN_UNGUARDED_AVAILABILITY = YES_AGGRESSIVE;
				CLANG_WARN_UNREACHABLE_CODE = YES;
				CLANG_WARN__DUPLICATE_METHOD_MATCH = YES;
				COPY_PHASE_STRIP = NO;
				DEBUG_INFORMATION_FORMAT = "dwarf-with-dsym";
				ENABLE_NS_ASSERTIONS = NO;
				ENABLE_STRICT_OBJC_MSGSEND = YES;
				GCC_C_LANGUAGE_STANDARD = gnu11;
				GCC_NO_COMMON_BLOCKS = YES;
				GCC_WARN_64_TO_32_BIT_CONVERSION = YES;
				GCC_WARN_ABOUT_RETURN_TYPE = YES_ERROR;
				GCC_WARN_UNDECLARED_SELECTOR = YES;
				GCC_WARN_UNINITIALIZED_AUTOS = YES_AGGRESSIVE;
				GCC_WARN_UNUSED_FUNCTION = YES;
				GCC_WARN_UNUSED_VARIABLE = YES;
				IPHONEOS_DEPLOYMENT_TARGET = 13.0;
				MTL_ENABLE_DEBUG_INFO = NO;
				MTL_FAST_MATH = YES;
				SDKROOT = iphoneos;
				SWIFT_COMPILATION_MODE = wholemodule;
				SWIFT_OPTIMIZATION_LEVEL = "-O";
				VALIDATE_PRODUCT = YES;
			};
			name = Release;
		};
		2E7DB8E4262F239200EE9054 /* Debug */ = {
			isa = XCBuildConfiguration;
			baseConfigurationReference = 6978C319E4E4946E02A1AEBF /* Pods-bankin-challenge-ios.debug.xcconfig */;
			buildSettings = {
				ALWAYS_EMBED_SWIFT_STANDARD_LIBRARIES = "$(inherited)";
				ASSETCATALOG_COMPILER_APPICON_NAME = AppIcon;
				ASSETCATALOG_COMPILER_GLOBAL_ACCENT_COLOR_NAME = AccentColor;
				CODE_SIGN_STYLE = Automatic;
				DEVELOPMENT_TEAM = UX6536JWH8;
				INFOPLIST_FILE = "bankin-challenge-ios/Base/Info.plist";
				LD_RUNPATH_SEARCH_PATHS = (
					"$(inherited)",
					"@executable_path/Frameworks",
				);
				PRODUCT_BUNDLE_IDENTIFIER = "com.axeldroz.bankin-challenge-ios";
				PRODUCT_NAME = "$(TARGET_NAME)";
				SWIFT_VERSION = 5.0;
				TARGETED_DEVICE_FAMILY = "1,2";
			};
			name = Debug;
		};
		2E7DB8E5262F239200EE9054 /* Release */ = {
			isa = XCBuildConfiguration;
			baseConfigurationReference = 5682BAE0EF720EE33FCA8CD8 /* Pods-bankin-challenge-ios.release.xcconfig */;
			buildSettings = {
				ALWAYS_EMBED_SWIFT_STANDARD_LIBRARIES = "$(inherited)";
				ASSETCATALOG_COMPILER_APPICON_NAME = AppIcon;
				ASSETCATALOG_COMPILER_GLOBAL_ACCENT_COLOR_NAME = AccentColor;
				CODE_SIGN_STYLE = Automatic;
				DEVELOPMENT_TEAM = UX6536JWH8;
				INFOPLIST_FILE = "bankin-challenge-ios/Base/Info.plist";
				LD_RUNPATH_SEARCH_PATHS = (
					"$(inherited)",
					"@executable_path/Frameworks",
				);
				PRODUCT_BUNDLE_IDENTIFIER = "com.axeldroz.bankin-challenge-ios";
				PRODUCT_NAME = "$(TARGET_NAME)";
				SWIFT_VERSION = 5.0;
				TARGETED_DEVICE_FAMILY = "1,2";
			};
			name = Release;
		};
		2E7DB8E7262F239200EE9054 /* Debug */ = {
			isa = XCBuildConfiguration;
			baseConfigurationReference = 544FC4E910CFC664F22D89A0 /* Pods-bankin-challenge-iosTests.debug.xcconfig */;
			buildSettings = {
				ALWAYS_EMBED_SWIFT_STANDARD_LIBRARIES = "$(inherited)";
				BUNDLE_LOADER = "$(TEST_HOST)";
				CODE_SIGN_STYLE = Automatic;
				DEVELOPMENT_TEAM = UX6536JWH8;
				INFOPLIST_FILE = "bankin-challenge-iosTests/Info.plist";
				IPHONEOS_DEPLOYMENT_TARGET = 14.4;
				LD_RUNPATH_SEARCH_PATHS = (
					"$(inherited)",
					"@executable_path/Frameworks",
					"@loader_path/Frameworks",
				);
				PRODUCT_BUNDLE_IDENTIFIER = "com.axeldroz.bankin-challenge-iosTests";
				PRODUCT_NAME = "$(TARGET_NAME)";
				SWIFT_VERSION = 5.0;
				TARGETED_DEVICE_FAMILY = "1,2";
				TEST_HOST = "$(BUILT_PRODUCTS_DIR)/bankin-challenge-ios.app/bankin-challenge-ios";
			};
			name = Debug;
		};
		2E7DB8E8262F239200EE9054 /* Release */ = {
			isa = XCBuildConfiguration;
			baseConfigurationReference = F5C199DB9EBC2E6136D962C4 /* Pods-bankin-challenge-iosTests.release.xcconfig */;
			buildSettings = {
				ALWAYS_EMBED_SWIFT_STANDARD_LIBRARIES = "$(inherited)";
				BUNDLE_LOADER = "$(TEST_HOST)";
				CODE_SIGN_STYLE = Automatic;
				DEVELOPMENT_TEAM = UX6536JWH8;
				INFOPLIST_FILE = "bankin-challenge-iosTests/Info.plist";
				IPHONEOS_DEPLOYMENT_TARGET = 14.4;
				LD_RUNPATH_SEARCH_PATHS = (
					"$(inherited)",
					"@executable_path/Frameworks",
					"@loader_path/Frameworks",
				);
				PRODUCT_BUNDLE_IDENTIFIER = "com.axeldroz.bankin-challenge-iosTests";
				PRODUCT_NAME = "$(TARGET_NAME)";
				SWIFT_VERSION = 5.0;
				TARGETED_DEVICE_FAMILY = "1,2";
				TEST_HOST = "$(BUILT_PRODUCTS_DIR)/bankin-challenge-ios.app/bankin-challenge-ios";
			};
			name = Release;
		};
		2E7DB8EA262F239200EE9054 /* Debug */ = {
			isa = XCBuildConfiguration;
			baseConfigurationReference = D5821D4AFAE399C9501AD420 /* Pods-bankin-challenge-ios-bankin-challenge-iosUITests.debug.xcconfig */;
			buildSettings = {
				ALWAYS_EMBED_SWIFT_STANDARD_LIBRARIES = "$(inherited)";
				CODE_SIGN_STYLE = Automatic;
				DEVELOPMENT_TEAM = UX6536JWH8;
				INFOPLIST_FILE = "bankin-challenge-iosUITests/Info.plist";
				LD_RUNPATH_SEARCH_PATHS = (
					"$(inherited)",
					"@executable_path/Frameworks",
					"@loader_path/Frameworks",
				);
				PRODUCT_BUNDLE_IDENTIFIER = "com.axeldroz.bankin-challenge-iosUITests";
				PRODUCT_NAME = "$(TARGET_NAME)";
				SWIFT_VERSION = 5.0;
				TARGETED_DEVICE_FAMILY = "1,2";
				TEST_TARGET_NAME = "bankin-challenge-ios";
			};
			name = Debug;
		};
		2E7DB8EB262F239200EE9054 /* Release */ = {
			isa = XCBuildConfiguration;
			baseConfigurationReference = 59174E8CF7E5439DE191DDBF /* Pods-bankin-challenge-ios-bankin-challenge-iosUITests.release.xcconfig */;
			buildSettings = {
				ALWAYS_EMBED_SWIFT_STANDARD_LIBRARIES = "$(inherited)";
				CODE_SIGN_STYLE = Automatic;
				DEVELOPMENT_TEAM = UX6536JWH8;
				INFOPLIST_FILE = "bankin-challenge-iosUITests/Info.plist";
				LD_RUNPATH_SEARCH_PATHS = (
					"$(inherited)",
					"@executable_path/Frameworks",
					"@loader_path/Frameworks",
				);
				PRODUCT_BUNDLE_IDENTIFIER = "com.axeldroz.bankin-challenge-iosUITests";
				PRODUCT_NAME = "$(TARGET_NAME)";
				SWIFT_VERSION = 5.0;
				TARGETED_DEVICE_FAMILY = "1,2";
				TEST_TARGET_NAME = "bankin-challenge-ios";
			};
			name = Release;
		};
/* End XCBuildConfiguration section */

/* Begin XCConfigurationList section */
		2E7DB8B4262F239000EE9054 /* Build configuration list for PBXProject "bankin-challenge-ios" */ = {
			isa = XCConfigurationList;
			buildConfigurations = (
				2E7DB8E1262F239200EE9054 /* Debug */,
				2E7DB8E2262F239200EE9054 /* Release */,
			);
			defaultConfigurationIsVisible = 0;
			defaultConfigurationName = Release;
		};
		2E7DB8E3262F239200EE9054 /* Build configuration list for PBXNativeTarget "bankin-challenge-ios" */ = {
			isa = XCConfigurationList;
			buildConfigurations = (
				2E7DB8E4262F239200EE9054 /* Debug */,
				2E7DB8E5262F239200EE9054 /* Release */,
			);
			defaultConfigurationIsVisible = 0;
			defaultConfigurationName = Release;
		};
		2E7DB8E6262F239200EE9054 /* Build configuration list for PBXNativeTarget "bankin-challenge-iosTests" */ = {
			isa = XCConfigurationList;
			buildConfigurations = (
				2E7DB8E7262F239200EE9054 /* Debug */,
				2E7DB8E8262F239200EE9054 /* Release */,
			);
			defaultConfigurationIsVisible = 0;
			defaultConfigurationName = Release;
		};
		2E7DB8E9262F239200EE9054 /* Build configuration list for PBXNativeTarget "bankin-challenge-iosUITests" */ = {
			isa = XCConfigurationList;
			buildConfigurations = (
				2E7DB8EA262F239200EE9054 /* Debug */,
				2E7DB8EB262F239200EE9054 /* Release */,
			);
			defaultConfigurationIsVisible = 0;
			defaultConfigurationName = Release;
		};
/* End XCConfigurationList section */
	};
	rootObject = 2E7DB8B1262F239000EE9054 /* Project object */;
}
